
Microsoft Visual Studio Solution File, Format Version 12.00
# Visual Studio Version 17
VisualStudioVersion = 17.5.33530.505
MinimumVisualStudioVersion = 10.0.40219.1
Project("{FAE04EC0-301F-11D3-BF4B-00C04F79EFBC}") = "ConsoleApp7", "ConsoleApp7\ConsoleApp7.csproj", "{4CC806EB-1565-435B-A02D-DCD971146DA1}"
EndProject
Global
	GlobalSection(SolutionConfigurationPlatforms) = preSolution
		Debug|Any CPU = Debug|Any CPU
		Release|Any CPU = Release|Any CPU
	EndGlobalSection
	GlobalSection(ProjectConfigurationPlatforms) = postSolution
		{4CC806EB-1565-435B-A02D-DCD971146DA1}.Debug|Any CPU.ActiveCfg = Debug|Any CPU
		{4CC806EB-1565-435B-A02D-DCD971146DA1}.Debug|Any CPU.Build.0 = Debug|Any CPU
		{4CC806EB-1565-435B-A02D-DCD971146DA1}.Release|Any CPU.ActiveCfg = Release|Any CPU
		{4CC806EB-1565-435B-A02D-DCD971146DA1}.Release|Any CPU.Build.0 = Release|Any CPU
	EndGlobalSection
	GlobalSection(SolutionProperties) = preSolution
		HideSolutionNode = FALSE
	EndGlobalSection
	GlobalSection(ExtensibilityGlobals) = postSolution
		SolutionGuid = {0D2EDC1F-6D26-4C94-A6CE-FD00A49DE224}
	EndGlobalSection
EndGlobal
